
Microsoft Visual Studio Solution File, Format Version 12.00
# Visual Studio Version 17
VisualStudioVersion = 17.7.34031.279
MinimumVisualStudioVersion = 10.0.40219.1
Project("{FAE04EC0-301F-11D3-BF4B-00C04F79EFBC}") = "Calc_WinForm", "Calc_WinForm\Calc_WinForm.csproj", "{961E528F-A910-4911-80C2-586BAAC78174}"
EndProject
Global
	GlobalSection(SolutionConfigurationPlatforms) = preSolution
		Debug|Any CPU = Debug|Any CPU
		Release|Any CPU = Release|Any CPU
	EndGlobalSection
	GlobalSection(ProjectConfigurationPlatforms) = postSolution
		{961E528F-A910-4911-80C2-586BAAC78174}.Debug|Any CPU.ActiveCfg = Debug|Any CPU
		{961E528F-A910-4911-80C2-586BAAC78174}.Debug|Any CPU.Build.0 = Debug|Any CPU
		{961E528F-A910-4911-80C2-586BAAC78174}.Release|Any CPU.ActiveCfg = Release|Any CPU
		{961E528F-A910-4911-80C2-586BAAC78174}.Release|Any CPU.Build.0 = Release|Any CPU
	EndGlobalSection
	GlobalSection(SolutionProperties) = preSolution
		HideSolutionNode = FALSE
	EndGlobalSection
	GlobalSection(ExtensibilityGlobals) = postSolution
		SolutionGuid = {C91A8B63-4291-4950-9442-00CC78947B20}
	EndGlobalSection
EndGlobal
